// !$*UTF8*$!
{
	archiveVersion = 1;
	classes = {
	};
	objectVersion = 50;
	objects = {

/* Begin PBXBuildFile section */
		188332552669D3CD0092A504 /* AppDelegate.swift in Sources */ = {isa = PBXBuildFile; fileRef = 188332542669D3CD0092A504 /* AppDelegate.swift */; };
		188332572669D3CD0092A504 /* SceneDelegate.swift in Sources */ = {isa = PBXBuildFile; fileRef = 188332562669D3CD0092A504 /* SceneDelegate.swift */; };
		1883325E2669D3CD0092A504 /* Assets.xcassets in Resources */ = {isa = PBXBuildFile; fileRef = 1883325D2669D3CD0092A504 /* Assets.xcassets */; };
		188332612669D3CD0092A504 /* LaunchScreen.storyboard in Resources */ = {isa = PBXBuildFile; fileRef = 1883325F2669D3CD0092A504 /* LaunchScreen.storyboard */; };
		61725F63266E35120085C241 /* ModuleExerciseViewController.swift in Sources */ = {isa = PBXBuildFile; fileRef = 61725F61266E35120085C241 /* ModuleExerciseViewController.swift */; };
		61725F64266E35120085C241 /* ModuleExerciseViewController.xib in Resources */ = {isa = PBXBuildFile; fileRef = 61725F62266E35120085C241 /* ModuleExerciseViewController.xib */; };
		61725F67266E36640085C241 /* ListExerciseViewController.swift in Sources */ = {isa = PBXBuildFile; fileRef = 61725F65266E36630085C241 /* ListExerciseViewController.swift */; };
		61725F68266E36640085C241 /* ListExerciseViewController.xib in Resources */ = {isa = PBXBuildFile; fileRef = 61725F66266E36630085C241 /* ListExerciseViewController.xib */; };
		8546721C2671E8B70066F121 /* CustomAlertInfoViewController.swift in Sources */ = {isa = PBXBuildFile; fileRef = 8546721A2671E8B70066F121 /* CustomAlertInfoViewController.swift */; };
		8546721D2671E8B70066F121 /* CustomAlertInfoViewController.xib in Resources */ = {isa = PBXBuildFile; fileRef = 8546721B2671E8B70066F121 /* CustomAlertInfoViewController.xib */; };
		854A7DCD266F88C500BC38DE /* DetailExercise.swift in Sources */ = {isa = PBXBuildFile; fileRef = 854A7DCB266F88C500BC38DE /* DetailExercise.swift */; };
		854A7DCE266F88C500BC38DE /* DetailExercise.xib in Resources */ = {isa = PBXBuildFile; fileRef = 854A7DCC266F88C500BC38DE /* DetailExercise.xib */; };
/* End PBXBuildFile section */

/* Begin PBXFileReference section */
		188332512669D3CD0092A504 /* MoEx.app */ = {isa = PBXFileReference; explicitFileType = wrapper.application; includeInIndex = 0; path = MoEx.app; sourceTree = BUILT_PRODUCTS_DIR; };
		188332542669D3CD0092A504 /* AppDelegate.swift */ = {isa = PBXFileReference; lastKnownFileType = sourcecode.swift; path = AppDelegate.swift; sourceTree = "<group>"; };
		188332562669D3CD0092A504 /* SceneDelegate.swift */ = {isa = PBXFileReference; lastKnownFileType = sourcecode.swift; path = SceneDelegate.swift; sourceTree = "<group>"; };
		1883325D2669D3CD0092A504 /* Assets.xcassets */ = {isa = PBXFileReference; lastKnownFileType = folder.assetcatalog; path = Assets.xcassets; sourceTree = "<group>"; };
		188332602669D3CD0092A504 /* Base */ = {isa = PBXFileReference; lastKnownFileType = file.storyboard; name = Base; path = Base.lproj/LaunchScreen.storyboard; sourceTree = "<group>"; };
		188332622669D3CD0092A504 /* Info.plist */ = {isa = PBXFileReference; lastKnownFileType = text.plist.xml; path = Info.plist; sourceTree = "<group>"; };
		61725F61266E35120085C241 /* ModuleExerciseViewController.swift */ = {isa = PBXFileReference; lastKnownFileType = sourcecode.swift; path = ModuleExerciseViewController.swift; sourceTree = "<group>"; };
		61725F62266E35120085C241 /* ModuleExerciseViewController.xib */ = {isa = PBXFileReference; lastKnownFileType = file.xib; path = ModuleExerciseViewController.xib; sourceTree = "<group>"; };
		61725F65266E36630085C241 /* ListExerciseViewController.swift */ = {isa = PBXFileReference; lastKnownFileType = sourcecode.swift; path = ListExerciseViewController.swift; sourceTree = "<group>"; };
		61725F66266E36630085C241 /* ListExerciseViewController.xib */ = {isa = PBXFileReference; lastKnownFileType = file.xib; path = ListExerciseViewController.xib; sourceTree = "<group>"; };
		8546721A2671E8B70066F121 /* CustomAlertInfoViewController.swift */ = {isa = PBXFileReference; lastKnownFileType = sourcecode.swift; name = CustomAlertInfoViewController.swift; path = DetailExercise/CustomAlertInfoViewController.swift; sourceTree = "<group>"; };
		8546721B2671E8B70066F121 /* CustomAlertInfoViewController.xib */ = {isa = PBXFileReference; lastKnownFileType = file.xib; name = CustomAlertInfoViewController.xib; path = DetailExercise/CustomAlertInfoViewController.xib; sourceTree = "<group>"; };
		854A7DCB266F88C500BC38DE /* DetailExercise.swift */ = {isa = PBXFileReference; lastKnownFileType = sourcecode.swift; name = DetailExercise.swift; path = DetailExercise/DetailExercise.swift; sourceTree = "<group>"; };
		854A7DCC266F88C500BC38DE /* DetailExercise.xib */ = {isa = PBXFileReference; lastKnownFileType = file.xib; name = DetailExercise.xib; path = DetailExercise/DetailExercise.xib; sourceTree = "<group>"; };
/* End PBXFileReference section */

/* Begin PBXFrameworksBuildPhase section */
		1883324E2669D3CD0092A504 /* Frameworks */ = {
			isa = PBXFrameworksBuildPhase;
			buildActionMask = 2147483647;
			files = (
			);
			runOnlyForDeploymentPostprocessing = 0;
		};
/* End PBXFrameworksBuildPhase section */

/* Begin PBXGroup section */
		188332482669D3CC0092A504 = {
			isa = PBXGroup;
			children = (
				188332532669D3CD0092A504 /* MoEx */,
				188332522669D3CD0092A504 /* Products */,
			);
			sourceTree = "<group>";
		};
		188332522669D3CD0092A504 /* Products */ = {
			isa = PBXGroup;
			children = (
				188332512669D3CD0092A504 /* MoEx.app */,
			);
			name = Products;
			sourceTree = "<group>";
		};
		188332532669D3CD0092A504 /* MoEx */ = {
			isa = PBXGroup;
			children = (
				61725F58266E32A10085C241 /* App */,
				61725F59266E32A90085C241 /* Module */,
				61725F5A266E32D90085C241 /* Resources */,
				188332622669D3CD0092A504 /* Info.plist */,
			);
			path = MoEx;
			sourceTree = "<group>";
		};
		61725F58266E32A10085C241 /* App */ = {
			isa = PBXGroup;
			children = (
				188332542669D3CD0092A504 /* AppDelegate.swift */,
				188332562669D3CD0092A504 /* SceneDelegate.swift */,
			);
			path = App;
			sourceTree = "<group>";
		};
		61725F59266E32A90085C241 /* Module */ = {
			isa = PBXGroup;
			children = (
				61725F5B266E340E0085C241 /* Module Exercise */,
				61725F5C266E341A0085C241 /* List Exercise */,
				854A7DCB266F88C500BC38DE /* DetailExercise.swift */,
				854A7DCC266F88C500BC38DE /* DetailExercise.xib */,
				8546721A2671E8B70066F121 /* CustomAlertInfoViewController.swift */,
				8546721B2671E8B70066F121 /* CustomAlertInfoViewController.xib */,
			);
			path = Module;
			sourceTree = "<group>";
		};
		61725F5A266E32D90085C241 /* Resources */ = {
			isa = PBXGroup;
			children = (
				1883325D2669D3CD0092A504 /* Assets.xcassets */,
				1883325F2669D3CD0092A504 /* LaunchScreen.storyboard */,
			);
			path = Resources;
			sourceTree = "<group>";
		};
		61725F5B266E340E0085C241 /* Module Exercise */ = {
			isa = PBXGroup;
			children = (
				61725F61266E35120085C241 /* ModuleExerciseViewController.swift */,
				61725F62266E35120085C241 /* ModuleExerciseViewController.xib */,
			);
			path = "Module Exercise";
			sourceTree = "<group>";
		};
		61725F5C266E341A0085C241 /* List Exercise */ = {
			isa = PBXGroup;
			children = (
				61725F65266E36630085C241 /* ListExerciseViewController.swift */,
				61725F66266E36630085C241 /* ListExerciseViewController.xib */,
			);
			path = "List Exercise";
			sourceTree = "<group>";
		};
/* End PBXGroup section */

/* Begin PBXNativeTarget section */
		188332502669D3CD0092A504 /* MoEx */ = {
			isa = PBXNativeTarget;
			buildConfigurationList = 188332652669D3CD0092A504 /* Build configuration list for PBXNativeTarget "MoEx" */;
			buildPhases = (
				1883324D2669D3CD0092A504 /* Sources */,
				1883324E2669D3CD0092A504 /* Frameworks */,
				1883324F2669D3CD0092A504 /* Resources */,
			);
			buildRules = (
			);
			dependencies = (
			);
			name = MoEx;
			productName = "Project mc2 group 14";
			productReference = 188332512669D3CD0092A504 /* MoEx.app */;
			productType = "com.apple.product-type.application";
		};
/* End PBXNativeTarget section */

/* Begin PBXProject section */
		188332492669D3CC0092A504 /* Project object */ = {
			isa = PBXProject;
			attributes = {
				LastSwiftUpdateCheck = 1250;
				LastUpgradeCheck = 1250;
				TargetAttributes = {
					188332502669D3CD0092A504 = {
						CreatedOnToolsVersion = 12.5;
					};
				};
			};
			buildConfigurationList = 1883324C2669D3CC0092A504 /* Build configuration list for PBXProject "MoEx" */;
			compatibilityVersion = "Xcode 9.3";
			developmentRegion = en;
			hasScannedForEncodings = 0;
			knownRegions = (
				en,
				Base,
			);
			mainGroup = 188332482669D3CC0092A504;
			productRefGroup = 188332522669D3CD0092A504 /* Products */;
			projectDirPath = "";
			projectRoot = "";
			targets = (
				188332502669D3CD0092A504 /* MoEx */,
			);
		};
/* End PBXProject section */

/* Begin PBXResourcesBuildPhase section */
		1883324F2669D3CD0092A504 /* Resources */ = {
			isa = PBXResourcesBuildPhase;
			buildActionMask = 2147483647;
			files = (
				61725F68266E36640085C241 /* ListExerciseViewController.xib in Resources */,
				854A7DCE266F88C500BC38DE /* DetailExercise.xib in Resources */,
				61725F64266E35120085C241 /* ModuleExerciseViewController.xib in Resources */,
				188332612669D3CD0092A504 /* LaunchScreen.storyboard in Resources */,
				8546721D2671E8B70066F121 /* CustomAlertInfoViewController.xib in Resources */,
				1883325E2669D3CD0092A504 /* Assets.xcassets in Resources */,
			);
			runOnlyForDeploymentPostprocessing = 0;
		};
/* End PBXResourcesBuildPhase section */

/* Begin PBXSourcesBuildPhase section */
		1883324D2669D3CD0092A504 /* Sources */ = {
			isa = PBXSourcesBuildPhase;
			buildActionMask = 2147483647;
			files = (
				854A7DCD266F88C500BC38DE /* DetailExercise.swift in Sources */,
				61725F67266E36640085C241 /* ListExerciseViewController.swift in Sources */,
				8546721C2671E8B70066F121 /* CustomAlertInfoViewController.swift in Sources */,
				188332552669D3CD0092A504 /* AppDelegate.swift in Sources */,
				188332572669D3CD0092A504 /* SceneDelegate.swift in Sources */,
				61725F63266E35120085C241 /* ModuleExerciseViewController.swift in Sources */,
			);
			runOnlyForDeploymentPostprocessing = 0;
		};
/* End PBXSourcesBuildPhase section */

/* Begin PBXVariantGroup section */
		1883325F2669D3CD0092A504 /* LaunchScreen.storyboard */ = {
			isa = PBXVariantGroup;
			children = (
				188332602669D3CD0092A504 /* Base */,
			);
			name = LaunchScreen.storyboard;
			sourceTree = "<group>";
		};
/* End PBXVariantGroup section */

/* Begin XCBuildConfiguration section */
		188332632669D3CD0092A504 /* Debug */ = {
			isa = XCBuildConfiguration;
			buildSettings = {
				ALWAYS_SEARCH_USER_PATHS = NO;
				CLANG_ANALYZER_NONNULL = YES;
				CLANG_ANALYZER_NUMBER_OBJECT_CONVERSION = YES_AGGRESSIVE;
				CLANG_CXX_LANGUAGE_STANDARD = "gnu++14";
				CLANG_CXX_LIBRARY = "libc++";
				CLANG_ENABLE_MODULES = YES;
				CLANG_ENABLE_OBJC_ARC = YES;
				CLANG_ENABLE_OBJC_WEAK = YES;
				CLANG_WARN_BLOCK_CAPTURE_AUTORELEASING = YES;
				CLANG_WARN_BOOL_CONVERSION = YES;
				CLANG_WARN_COMMA = YES;
				CLANG_WARN_CONSTANT_CONVERSION = YES;
				CLANG_WARN_DEPRECATED_OBJC_IMPLEMENTATIONS = YES;
				CLANG_WARN_DIRECT_OBJC_ISA_USAGE = YES_ERROR;
				CLANG_WARN_DOCUMENTATION_COMMENTS = YES;
				CLANG_WARN_EMPTY_BODY = YES;
				CLANG_WARN_ENUM_CONVERSION = YES;
				CLANG_WARN_INFINITE_RECURSION = YES;
				CLANG_WARN_INT_CONVERSION = YES;
				CLANG_WARN_NON_LITERAL_NULL_CONVERSION = YES;
				CLANG_WARN_OBJC_IMPLICIT_RETAIN_SELF = YES;
				CLANG_WARN_OBJC_LITERAL_CONVERSION = YES;
				CLANG_WARN_OBJC_ROOT_CLASS = YES_ERROR;
				CLANG_WARN_QUOTED_INCLUDE_IN_FRAMEWORK_HEADER = YES;
				CLANG_WARN_RANGE_LOOP_ANALYSIS = YES;
				CLANG_WARN_STRICT_PROTOTYPES = YES;
				CLANG_WARN_SUSPICIOUS_MOVE = YES;
				CLANG_WARN_UNGUARDED_AVAILABILITY = YES_AGGRESSIVE;
				CLANG_WARN_UNREACHABLE_CODE = YES;
				CLANG_WARN__DUPLICATE_METHOD_MATCH = YES;
				COPY_PHASE_STRIP = NO;
				DEBUG_INFORMATION_FORMAT = dwarf;
				ENABLE_STRICT_OBJC_MSGSEND = YES;
				ENABLE_TESTABILITY = YES;
				GCC_C_LANGUAGE_STANDARD = gnu11;
				GCC_DYNAMIC_NO_PIC = NO;
				GCC_NO_COMMON_BLOCKS = YES;
				GCC_OPTIMIZATION_LEVEL = 0;
				GCC_PREPROCESSOR_DEFINITIONS = (
					"DEBUG=1",
					"$(inherited)",
				);
				GCC_WARN_64_TO_32_BIT_CONVERSION = YES;
				GCC_WARN_ABOUT_RETURN_TYPE = YES_ERROR;
				GCC_WARN_UNDECLARED_SELECTOR = YES;
				GCC_WARN_UNINITIALIZED_AUTOS = YES_AGGRESSIVE;
				GCC_WARN_UNUSED_FUNCTION = YES;
				GCC_WARN_UNUSED_VARIABLE = YES;
				IPHONEOS_DEPLOYMENT_TARGET = 14.5;
				MTL_ENABLE_DEBUG_INFO = INCLUDE_SOURCE;
				MTL_FAST_MATH = YES;
				ONLY_ACTIVE_ARCH = YES;
				SDKROOT = iphoneos;
				SWIFT_ACTIVE_COMPILATION_CONDITIONS = DEBUG;
				SWIFT_OPTIMIZATION_LEVEL = "-Onone";
			};
			name = Debug;
		};
		188332642669D3CD0092A504 /* Release */ = {
			isa = XCBuildConfiguration;
			buildSettings = {
				ALWAYS_SEARCH_USER_PATHS = NO;
				CLANG_ANALYZER_NONNULL = YES;
				CLANG_ANALYZER_NUMBER_OBJECT_CONVERSION = YES_AGGRESSIVE;
				CLANG_CXX_LANGUAGE_STANDARD = "gnu++14";
				CLANG_CXX_LIBRARY = "libc++";
				CLANG_ENABLE_MODULES = YES;
				CLANG_ENABLE_OBJC_ARC = YES;
				CLANG_ENABLE_OBJC_WEAK = YES;
				CLANG_WARN_BLOCK_CAPTURE_AUTORELEASING = YES;
				CLANG_WARN_BOOL_CONVERSION = YES;
				CLANG_WARN_COMMA = YES;
				CLANG_WARN_CONSTANT_CONVERSION = YES;
				CLANG_WARN_DEPRECATED_OBJC_IMPLEMENTATIONS = YES;
				CLANG_WARN_DIRECT_OBJC_ISA_USAGE = YES_ERROR;
				CLANG_WARN_DOCUMENTATION_COMMENTS = YES;
				CLANG_WARN_EMPTY_BODY = YES;
				CLANG_WARN_ENUM_CONVERSION = YES;
				CLANG_WARN_INFINITE_RECURSION = YES;
				CLANG_WARN_INT_CONVERSION = YES;
				CLANG_WARN_NON_LITERAL_NULL_CONVERSION = YES;
				CLANG_WARN_OBJC_IMPLICIT_RETAIN_SELF = YES;
				CLANG_WARN_OBJC_LITERAL_CONVERSION = YES;
				CLANG_WARN_OBJC_ROOT_CLASS = YES_ERROR;
				CLANG_WARN_QUOTED_INCLUDE_IN_FRAMEWORK_HEADER = YES;
				CLANG_WARN_RANGE_LOOP_ANALYSIS = YES;
				CLANG_WARN_STRICT_PROTOTYPES = YES;
				CLANG_WARN_SUSPICIOUS_MOVE = YES;
				CLANG_WARN_UNGUARDED_AVAILABILITY = YES_AGGRESSIVE;
				CLANG_WARN_UNREACHABLE_CODE = YES;
				CLANG_WARN__DUPLICATE_METHOD_MATCH = YES;
				COPY_PHASE_STRIP = NO;
				DEBUG_INFORMATION_FORMAT = "dwarf-with-dsym";
				ENABLE_NS_ASSERTIONS = NO;
				ENABLE_STRICT_OBJC_MSGSEND = YES;
				GCC_C_LANGUAGE_STANDARD = gnu11;
				GCC_NO_COMMON_BLOCKS = YES;
				GCC_WARN_64_TO_32_BIT_CONVERSION = YES;
				GCC_WARN_ABOUT_RETURN_TYPE = YES_ERROR;
				GCC_WARN_UNDECLARED_SELECTOR = YES;
				GCC_WARN_UNINITIALIZED_AUTOS = YES_AGGRESSIVE;
				GCC_WARN_UNUSED_FUNCTION = YES;
				GCC_WARN_UNUSED_VARIABLE = YES;
				IPHONEOS_DEPLOYMENT_TARGET = 14.5;
				MTL_ENABLE_DEBUG_INFO = NO;
				MTL_FAST_MATH = YES;
				SDKROOT = iphoneos;
				SWIFT_COMPILATION_MODE = wholemodule;
				SWIFT_OPTIMIZATION_LEVEL = "-O";
				VALIDATE_PRODUCT = YES;
			};
			name = Release;
		};
		188332662669D3CD0092A504 /* Debug */ = {
			isa = XCBuildConfiguration;
			buildSettings = {
				ASSETCATALOG_COMPILER_APPICON_NAME = AppIcon;
				ASSETCATALOG_COMPILER_GLOBAL_ACCENT_COLOR_NAME = AccentColor;
				CODE_SIGN_STYLE = Automatic;
				DEVELOPMENT_TEAM = 8PNJ3DJJR6;
				INFOPLIST_FILE = MoEx/Info.plist;
				LD_RUNPATH_SEARCH_PATHS = (
					"$(inherited)",
					"@executable_path/Frameworks",
				);
				PRODUCT_BUNDLE_IDENTIFIER = "com.kevintanuhardi.Project-mc2-group-14";
				PRODUCT_NAME = "$(TARGET_NAME)";
				SWIFT_VERSION = 5.0;
				TARGETED_DEVICE_FAMILY = "1,2";
			};
			name = Debug;
		};
		188332672669D3CD0092A504 /* Release */ = {
			isa = XCBuildConfiguration;
			buildSettings = {
				ASSETCATALOG_COMPILER_APPICON_NAME = AppIcon;
				ASSETCATALOG_COMPILER_GLOBAL_ACCENT_COLOR_NAME = AccentColor;
				CODE_SIGN_STYLE = Automatic;
				DEVELOPMENT_TEAM = 8PNJ3DJJR6;
				INFOPLIST_FILE = MoEx/Info.plist;
				LD_RUNPATH_SEARCH_PATHS = (
					"$(inherited)",
					"@executable_path/Frameworks",
				);
				PRODUCT_BUNDLE_IDENTIFIER = "com.kevintanuhardi.Project-mc2-group-14";
				PRODUCT_NAME = "$(TARGET_NAME)";
				SWIFT_VERSION = 5.0;
				TARGETED_DEVICE_FAMILY = "1,2";
			};
			name = Release;
		};
/* End XCBuildConfiguration section */

/* Begin XCConfigurationList section */
		1883324C2669D3CC0092A504 /* Build configuration list for PBXProject "MoEx" */ = {
			isa = XCConfigurationList;
			buildConfigurations = (
				188332632669D3CD0092A504 /* Debug */,
				188332642669D3CD0092A504 /* Release */,
			);
			defaultConfigurationIsVisible = 0;
			defaultConfigurationName = Release;
		};
		188332652669D3CD0092A504 /* Build configuration list for PBXNativeTarget "MoEx" */ = {
			isa = XCConfigurationList;
			buildConfigurations = (
				188332662669D3CD0092A504 /* Debug */,
				188332672669D3CD0092A504 /* Release */,
			);
			defaultConfigurationIsVisible = 0;
			defaultConfigurationName = Release;
		};
/* End XCConfigurationList section */
	};
	rootObject = 188332492669D3CC0092A504 /* Project object */;
}
