// !$*UTF8*$!
{
	archiveVersion = 1;
	classes = {
	};
	objectVersion = 50;
	objects = {

/* Begin PBXBuildFile section */
		184090E72670EF6E0022AAEA /* ModuleCardCell.swift in Sources */ = {isa = PBXBuildFile; fileRef = 184090E52670EF6E0022AAEA /* ModuleCardCell.swift */; };
		184090E82670EF6E0022AAEA /* ModuleCardCell.xib in Resources */ = {isa = PBXBuildFile; fileRef = 184090E62670EF6E0022AAEA /* ModuleCardCell.xib */; };
		184090F82673673A0022AAEA /* ExerciseTableViewCell.swift in Sources */ = {isa = PBXBuildFile; fileRef = 184090F62673673A0022AAEA /* ExerciseTableViewCell.swift */; };
		184090F92673673A0022AAEA /* ExerciseTableViewCell.xib in Resources */ = {isa = PBXBuildFile; fileRef = 184090F72673673A0022AAEA /* ExerciseTableViewCell.xib */; };
		188332552669D3CD0092A504 /* AppDelegate.swift in Sources */ = {isa = PBXBuildFile; fileRef = 188332542669D3CD0092A504 /* AppDelegate.swift */; };
		188332572669D3CD0092A504 /* SceneDelegate.swift in Sources */ = {isa = PBXBuildFile; fileRef = 188332562669D3CD0092A504 /* SceneDelegate.swift */; };
		188332612669D3CD0092A504 /* LaunchScreen.storyboard in Resources */ = {isa = PBXBuildFile; fileRef = 1883325F2669D3CD0092A504 /* LaunchScreen.storyboard */; };
		614ACB392670C01500A91190 /* DetailExerciseViewController.xib in Resources */ = {isa = PBXBuildFile; fileRef = 614ACB342670C01500A91190 /* DetailExerciseViewController.xib */; };
		614ACB3A2670C01500A91190 /* DetailExerciseViewController.swift in Sources */ = {isa = PBXBuildFile; fileRef = 614ACB352670C01500A91190 /* DetailExerciseViewController.swift */; };
		614ACB3B2670C01500A91190 /* HowToTableViewCell.swift in Sources */ = {isa = PBXBuildFile; fileRef = 614ACB372670C01500A91190 /* HowToTableViewCell.swift */; };
		614ACB3C2670C01500A91190 /* HowToTableViewCell.xib in Resources */ = {isa = PBXBuildFile; fileRef = 614ACB382670C01500A91190 /* HowToTableViewCell.xib */; };
		614ACB432670C0B100A91190 /* DoingExerciseViewController.xib in Resources */ = {isa = PBXBuildFile; fileRef = 614ACB422670C0B100A91190 /* DoingExerciseViewController.xib */; };
		614ACB462670C12D00A91190 /* DoingExerciseViewController.swift in Sources */ = {isa = PBXBuildFile; fileRef = 614ACB452670C12D00A91190 /* DoingExerciseViewController.swift */; };
		61725F63266E35120085C241 /* ModuleExerciseViewController.swift in Sources */ = {isa = PBXBuildFile; fileRef = 61725F61266E35120085C241 /* ModuleExerciseViewController.swift */; };
		61725F64266E35120085C241 /* ModuleExerciseViewController.xib in Resources */ = {isa = PBXBuildFile; fileRef = 61725F62266E35120085C241 /* ModuleExerciseViewController.xib */; };
		61725F67266E36640085C241 /* ListExerciseViewController.swift in Sources */ = {isa = PBXBuildFile; fileRef = 61725F65266E36630085C241 /* ListExerciseViewController.swift */; };
		61725F68266E36640085C241 /* ListExerciseViewController.xib in Resources */ = {isa = PBXBuildFile; fileRef = 61725F66266E36630085C241 /* ListExerciseViewController.xib */; };
		6177DB9E267716370075C4CB /* Assets.xcassets in Resources */ = {isa = PBXBuildFile; fileRef = 6177DB9D267716370075C4CB /* Assets.xcassets */; };
		6177DBA02677183A0075C4CB /* ModuleModelDummyData.swift in Sources */ = {isa = PBXBuildFile; fileRef = 6177DB9F2677183A0075C4CB /* ModuleModelDummyData.swift */; };
		9AABC528266F5EF1004083E9 /* ModuleModel.swift in Sources */ = {isa = PBXBuildFile; fileRef = 9AABC527266F5EF1004083E9 /* ModuleModel.swift */; };
		9AABC52E266F9773004083E9 /* FinishExerciseViewController.swift in Sources */ = {isa = PBXBuildFile; fileRef = 9AABC52C266F9773004083E9 /* FinishExerciseViewController.swift */; };
		9AABC52F266F9773004083E9 /* FinishExerciseViewController.xib in Resources */ = {isa = PBXBuildFile; fileRef = 9AABC52D266F9773004083E9 /* FinishExerciseViewController.xib */; };
		9AABC532266F9782004083E9 /* PauseExerciseViewController.swift in Sources */ = {isa = PBXBuildFile; fileRef = 9AABC530266F9782004083E9 /* PauseExerciseViewController.swift */; };
		9AABC533266F9782004083E9 /* PauseExerciseViewController.xib in Resources */ = {isa = PBXBuildFile; fileRef = 9AABC531266F9782004083E9 /* PauseExerciseViewController.xib */; };
		9AABC536266F978D004083E9 /* BreakExerciseViewController.swift in Sources */ = {isa = PBXBuildFile; fileRef = 9AABC534266F978D004083E9 /* BreakExerciseViewController.swift */; };
		9AABC537266F978D004083E9 /* BreakExerciseViewController.xib in Resources */ = {isa = PBXBuildFile; fileRef = 9AABC535266F978D004083E9 /* BreakExerciseViewController.xib */; };
		9AABC53D2671AB9A004083E9 /* UIImageView+Ext.swift in Sources */ = {isa = PBXBuildFile; fileRef = 9AABC53C2671AB9A004083E9 /* UIImageView+Ext.swift */; };
/* End PBXBuildFile section */

/* Begin PBXFileReference section */
		184090E52670EF6E0022AAEA /* ModuleCardCell.swift */ = {isa = PBXFileReference; lastKnownFileType = sourcecode.swift; path = ModuleCardCell.swift; sourceTree = "<group>"; };
		184090E62670EF6E0022AAEA /* ModuleCardCell.xib */ = {isa = PBXFileReference; lastKnownFileType = file.xib; path = ModuleCardCell.xib; sourceTree = "<group>"; };
		184090F62673673A0022AAEA /* ExerciseTableViewCell.swift */ = {isa = PBXFileReference; lastKnownFileType = sourcecode.swift; path = ExerciseTableViewCell.swift; sourceTree = "<group>"; };
		184090F72673673A0022AAEA /* ExerciseTableViewCell.xib */ = {isa = PBXFileReference; lastKnownFileType = file.xib; path = ExerciseTableViewCell.xib; sourceTree = "<group>"; };
		188332512669D3CD0092A504 /* MoEx.app */ = {isa = PBXFileReference; explicitFileType = wrapper.application; includeInIndex = 0; path = MoEx.app; sourceTree = BUILT_PRODUCTS_DIR; };
		188332542669D3CD0092A504 /* AppDelegate.swift */ = {isa = PBXFileReference; lastKnownFileType = sourcecode.swift; path = AppDelegate.swift; sourceTree = "<group>"; };
		188332562669D3CD0092A504 /* SceneDelegate.swift */ = {isa = PBXFileReference; lastKnownFileType = sourcecode.swift; path = SceneDelegate.swift; sourceTree = "<group>"; };
		188332602669D3CD0092A504 /* Base */ = {isa = PBXFileReference; lastKnownFileType = file.storyboard; name = Base; path = Base.lproj/LaunchScreen.storyboard; sourceTree = "<group>"; };
		188332622669D3CD0092A504 /* Info.plist */ = {isa = PBXFileReference; lastKnownFileType = text.plist.xml; path = Info.plist; sourceTree = "<group>"; };
		614ACB342670C01500A91190 /* DetailExerciseViewController.xib */ = {isa = PBXFileReference; fileEncoding = 4; lastKnownFileType = file.xib; path = DetailExerciseViewController.xib; sourceTree = "<group>"; };
		614ACB352670C01500A91190 /* DetailExerciseViewController.swift */ = {isa = PBXFileReference; fileEncoding = 4; lastKnownFileType = sourcecode.swift; path = DetailExerciseViewController.swift; sourceTree = "<group>"; };
		614ACB372670C01500A91190 /* HowToTableViewCell.swift */ = {isa = PBXFileReference; fileEncoding = 4; lastKnownFileType = sourcecode.swift; path = HowToTableViewCell.swift; sourceTree = "<group>"; };
		614ACB382670C01500A91190 /* HowToTableViewCell.xib */ = {isa = PBXFileReference; fileEncoding = 4; lastKnownFileType = file.xib; path = HowToTableViewCell.xib; sourceTree = "<group>"; };
		614ACB422670C0B100A91190 /* DoingExerciseViewController.xib */ = {isa = PBXFileReference; fileEncoding = 4; lastKnownFileType = file.xib; path = DoingExerciseViewController.xib; sourceTree = "<group>"; };
		614ACB452670C12D00A91190 /* DoingExerciseViewController.swift */ = {isa = PBXFileReference; lastKnownFileType = sourcecode.swift; path = DoingExerciseViewController.swift; sourceTree = "<group>"; };
		61725F61266E35120085C241 /* ModuleExerciseViewController.swift */ = {isa = PBXFileReference; lastKnownFileType = sourcecode.swift; path = ModuleExerciseViewController.swift; sourceTree = "<group>"; };
		61725F62266E35120085C241 /* ModuleExerciseViewController.xib */ = {isa = PBXFileReference; lastKnownFileType = file.xib; path = ModuleExerciseViewController.xib; sourceTree = "<group>"; };
		61725F65266E36630085C241 /* ListExerciseViewController.swift */ = {isa = PBXFileReference; lastKnownFileType = sourcecode.swift; path = ListExerciseViewController.swift; sourceTree = "<group>"; };
		61725F66266E36630085C241 /* ListExerciseViewController.xib */ = {isa = PBXFileReference; lastKnownFileType = file.xib; path = ListExerciseViewController.xib; sourceTree = "<group>"; };
		6177DB9D267716370075C4CB /* Assets.xcassets */ = {isa = PBXFileReference; lastKnownFileType = folder.assetcatalog; path = Assets.xcassets; sourceTree = "<group>"; };
		6177DB9F2677183A0075C4CB /* ModuleModelDummyData.swift */ = {isa = PBXFileReference; lastKnownFileType = sourcecode.swift; path = ModuleModelDummyData.swift; sourceTree = "<group>"; };
		9AABC527266F5EF1004083E9 /* ModuleModel.swift */ = {isa = PBXFileReference; lastKnownFileType = sourcecode.swift; path = ModuleModel.swift; sourceTree = "<group>"; };
		9AABC52C266F9773004083E9 /* FinishExerciseViewController.swift */ = {isa = PBXFileReference; lastKnownFileType = sourcecode.swift; path = FinishExerciseViewController.swift; sourceTree = "<group>"; };
		9AABC52D266F9773004083E9 /* FinishExerciseViewController.xib */ = {isa = PBXFileReference; lastKnownFileType = file.xib; path = FinishExerciseViewController.xib; sourceTree = "<group>"; };
		9AABC530266F9782004083E9 /* PauseExerciseViewController.swift */ = {isa = PBXFileReference; lastKnownFileType = sourcecode.swift; path = PauseExerciseViewController.swift; sourceTree = "<group>"; };
		9AABC531266F9782004083E9 /* PauseExerciseViewController.xib */ = {isa = PBXFileReference; lastKnownFileType = file.xib; path = PauseExerciseViewController.xib; sourceTree = "<group>"; };
		9AABC534266F978D004083E9 /* BreakExerciseViewController.swift */ = {isa = PBXFileReference; lastKnownFileType = sourcecode.swift; path = BreakExerciseViewController.swift; sourceTree = "<group>"; };
		9AABC535266F978D004083E9 /* BreakExerciseViewController.xib */ = {isa = PBXFileReference; lastKnownFileType = file.xib; path = BreakExerciseViewController.xib; sourceTree = "<group>"; };
		9AABC53C2671AB9A004083E9 /* UIImageView+Ext.swift */ = {isa = PBXFileReference; lastKnownFileType = sourcecode.swift; path = "UIImageView+Ext.swift"; sourceTree = "<group>"; };
/* End PBXFileReference section */

/* Begin PBXFrameworksBuildPhase section */
		1883324E2669D3CD0092A504 /* Frameworks */ = {
			isa = PBXFrameworksBuildPhase;
			buildActionMask = 2147483647;
			files = (
			);
			runOnlyForDeploymentPostprocessing = 0;
		};
/* End PBXFrameworksBuildPhase section */

/* Begin PBXGroup section */
		184090E42670EF4F0022AAEA /* ModuleCardCell */ = {
			isa = PBXGroup;
			children = (
				184090E52670EF6E0022AAEA /* ModuleCardCell.swift */,
				184090E62670EF6E0022AAEA /* ModuleCardCell.xib */,
			);
			path = ModuleCardCell;
			sourceTree = "<group>";
		};
		184090F5267367180022AAEA /* ExerciseCell */ = {
			isa = PBXGroup;
			children = (
				184090F62673673A0022AAEA /* ExerciseTableViewCell.swift */,
				184090F72673673A0022AAEA /* ExerciseTableViewCell.xib */,
			);
			path = ExerciseCell;
			sourceTree = "<group>";
		};
		188332482669D3CC0092A504 = {
			isa = PBXGroup;
			children = (
				188332532669D3CD0092A504 /* MoEx */,
				188332522669D3CD0092A504 /* Products */,
			);
			sourceTree = "<group>";
		};
		188332522669D3CD0092A504 /* Products */ = {
			isa = PBXGroup;
			children = (
				188332512669D3CD0092A504 /* MoEx.app */,
			);
			name = Products;
			sourceTree = "<group>";
		};
		188332532669D3CD0092A504 /* MoEx */ = {
			isa = PBXGroup;
			children = (
				61725F58266E32A10085C241 /* App */,
				9AABC539267107C2004083E9 /* Core */,
				61725F59266E32A90085C241 /* Module */,
				61725F5A266E32D90085C241 /* Resources */,
				188332622669D3CD0092A504 /* Info.plist */,
			);
			path = MoEx;
			sourceTree = "<group>";
		};
		614ACB332670C01500A91190 /* Detail Exercise */ = {
			isa = PBXGroup;
			children = (
				614ACB362670C01500A91190 /* Cell */,
				614ACB342670C01500A91190 /* DetailExerciseViewController.xib */,
				614ACB352670C01500A91190 /* DetailExerciseViewController.swift */,
			);
			path = "Detail Exercise";
			sourceTree = "<group>";
		};
		614ACB362670C01500A91190 /* Cell */ = {
			isa = PBXGroup;
			children = (
				614ACB372670C01500A91190 /* HowToTableViewCell.swift */,
				614ACB382670C01500A91190 /* HowToTableViewCell.xib */,
			);
			path = Cell;
			sourceTree = "<group>";
		};
		614ACB3D2670C04300A91190 /* Doing Exercise */ = {
			isa = PBXGroup;
			children = (
				614ACB422670C0B100A91190 /* DoingExerciseViewController.xib */,
				614ACB452670C12D00A91190 /* DoingExerciseViewController.swift */,
			);
			path = "Doing Exercise";
			sourceTree = "<group>";
		};
		61725F58266E32A10085C241 /* App */ = {
			isa = PBXGroup;
			children = (
				188332542669D3CD0092A504 /* AppDelegate.swift */,
				188332562669D3CD0092A504 /* SceneDelegate.swift */,
			);
			path = App;
			sourceTree = "<group>";
		};
		61725F59266E32A90085C241 /* Module */ = {
			isa = PBXGroup;
			children = (
				614ACB3D2670C04300A91190 /* Doing Exercise */,
				614ACB332670C01500A91190 /* Detail Exercise */,
				9AABC52B266F974B004083E9 /* FinishExercise */,
				9AABC52A266F9745004083E9 /* PauseExercise */,
				9AABC529266F8D42004083E9 /* BreakExercise */,
				61725F5B266E340E0085C241 /* Module Exercise */,
				61725F5C266E341A0085C241 /* List Exercise */,
			);
			path = Module;
			sourceTree = "<group>";
		};
		61725F5A266E32D90085C241 /* Resources */ = {
			isa = PBXGroup;
			children = (
				6177DB9D267716370075C4CB /* Assets.xcassets */,
				1883325F2669D3CD0092A504 /* LaunchScreen.storyboard */,
			);
			path = Resources;
			sourceTree = "<group>";
		};
		61725F5B266E340E0085C241 /* Module Exercise */ = {
			isa = PBXGroup;
			children = (
				184090E42670EF4F0022AAEA /* ModuleCardCell */,
				61725F61266E35120085C241 /* ModuleExerciseViewController.swift */,
				61725F62266E35120085C241 /* ModuleExerciseViewController.xib */,
			);
			path = "Module Exercise";
			sourceTree = "<group>";
		};
		61725F5C266E341A0085C241 /* List Exercise */ = {
			isa = PBXGroup;
			children = (
				184090F5267367180022AAEA /* ExerciseCell */,
				61725F65266E36630085C241 /* ListExerciseViewController.swift */,
				61725F66266E36630085C241 /* ListExerciseViewController.xib */,
			);
			path = "List Exercise";
			sourceTree = "<group>";
		};
		9AABC526266F5EA9004083E9 /* Model */ = {
			isa = PBXGroup;
			children = (
				9AABC527266F5EF1004083E9 /* ModuleModel.swift */,
				6177DB9F2677183A0075C4CB /* ModuleModelDummyData.swift */,
			);
			path = Model;
			sourceTree = "<group>";
		};
		9AABC529266F8D42004083E9 /* BreakExercise */ = {
			isa = PBXGroup;
			children = (
				9AABC534266F978D004083E9 /* BreakExerciseViewController.swift */,
				9AABC535266F978D004083E9 /* BreakExerciseViewController.xib */,
			);
			path = BreakExercise;
			sourceTree = "<group>";
		};
		9AABC52A266F9745004083E9 /* PauseExercise */ = {
			isa = PBXGroup;
			children = (
				9AABC530266F9782004083E9 /* PauseExerciseViewController.swift */,
				9AABC531266F9782004083E9 /* PauseExerciseViewController.xib */,
			);
			path = PauseExercise;
			sourceTree = "<group>";
		};
		9AABC52B266F974B004083E9 /* FinishExercise */ = {
			isa = PBXGroup;
			children = (
				9AABC52C266F9773004083E9 /* FinishExerciseViewController.swift */,
				9AABC52D266F9773004083E9 /* FinishExerciseViewController.xib */,
			);
			path = FinishExercise;
			sourceTree = "<group>";
		};
		9AABC539267107C2004083E9 /* Core */ = {
			isa = PBXGroup;
			children = (
				9AABC53A267107CC004083E9 /* Utils */,
				9AABC526266F5EA9004083E9 /* Model */,
			);
			path = Core;
			sourceTree = "<group>";
		};
		9AABC53A267107CC004083E9 /* Utils */ = {
			isa = PBXGroup;
			children = (
				9AABC53B2671AB87004083E9 /* Extension */,
			);
			path = Utils;
			sourceTree = "<group>";
		};
		9AABC53B2671AB87004083E9 /* Extension */ = {
			isa = PBXGroup;
			children = (
				9AABC53C2671AB9A004083E9 /* UIImageView+Ext.swift */,
			);
			path = Extension;
			sourceTree = "<group>";
		};
/* End PBXGroup section */

/* Begin PBXNativeTarget section */
		188332502669D3CD0092A504 /* MoEx */ = {
			isa = PBXNativeTarget;
			buildConfigurationList = 188332652669D3CD0092A504 /* Build configuration list for PBXNativeTarget "MoEx" */;
			buildPhases = (
				1883324D2669D3CD0092A504 /* Sources */,
				1883324E2669D3CD0092A504 /* Frameworks */,
				1883324F2669D3CD0092A504 /* Resources */,
			);
			buildRules = (
			);
			dependencies = (
			);
			name = MoEx;
			productName = "Project mc2 group 14";
			productReference = 188332512669D3CD0092A504 /* MoEx.app */;
			productType = "com.apple.product-type.application";
		};
/* End PBXNativeTarget section */

/* Begin PBXProject section */
		188332492669D3CC0092A504 /* Project object */ = {
			isa = PBXProject;
			attributes = {
				LastSwiftUpdateCheck = 1250;
				LastUpgradeCheck = 1250;
				TargetAttributes = {
					188332502669D3CD0092A504 = {
						CreatedOnToolsVersion = 12.5;
					};
				};
			};
			buildConfigurationList = 1883324C2669D3CC0092A504 /* Build configuration list for PBXProject "MoEx" */;
			compatibilityVersion = "Xcode 9.3";
			developmentRegion = en;
			hasScannedForEncodings = 0;
			knownRegions = (
				en,
				Base,
			);
			mainGroup = 188332482669D3CC0092A504;
			productRefGroup = 188332522669D3CD0092A504 /* Products */;
			projectDirPath = "";
			projectRoot = "";
			targets = (
				188332502669D3CD0092A504 /* MoEx */,
			);
		};
/* End PBXProject section */

/* Begin PBXResourcesBuildPhase section */
		1883324F2669D3CD0092A504 /* Resources */ = {
			isa = PBXResourcesBuildPhase;
			buildActionMask = 2147483647;
			files = (
				184090E82670EF6E0022AAEA /* ModuleCardCell.xib in Resources */,
				61725F68266E36640085C241 /* ListExerciseViewController.xib in Resources */,
				9AABC537266F978D004083E9 /* BreakExerciseViewController.xib in Resources */,
				9AABC52F266F9773004083E9 /* FinishExerciseViewController.xib in Resources */,
				61725F64266E35120085C241 /* ModuleExerciseViewController.xib in Resources */,
				9AABC533266F9782004083E9 /* PauseExerciseViewController.xib in Resources */,
				184090F92673673A0022AAEA /* ExerciseTableViewCell.xib in Resources */,
				188332612669D3CD0092A504 /* LaunchScreen.storyboard in Resources */,
				614ACB432670C0B100A91190 /* DoingExerciseViewController.xib in Resources */,
				614ACB3C2670C01500A91190 /* HowToTableViewCell.xib in Resources */,
				6177DB9E267716370075C4CB /* Assets.xcassets in Resources */,
				614ACB392670C01500A91190 /* DetailExerciseViewController.xib in Resources */,
			);
			runOnlyForDeploymentPostprocessing = 0;
		};
/* End PBXResourcesBuildPhase section */

/* Begin PBXSourcesBuildPhase section */
		1883324D2669D3CD0092A504 /* Sources */ = {
			isa = PBXSourcesBuildPhase;
			buildActionMask = 2147483647;
			files = (
				9AABC536266F978D004083E9 /* BreakExerciseViewController.swift in Sources */,
				61725F67266E36640085C241 /* ListExerciseViewController.swift in Sources */,
				6177DBA02677183A0075C4CB /* ModuleModelDummyData.swift in Sources */,
				188332552669D3CD0092A504 /* AppDelegate.swift in Sources */,
				614ACB462670C12D00A91190 /* DoingExerciseViewController.swift in Sources */,
				9AABC53D2671AB9A004083E9 /* UIImageView+Ext.swift in Sources */,
				9AABC532266F9782004083E9 /* PauseExerciseViewController.swift in Sources */,
				188332572669D3CD0092A504 /* SceneDelegate.swift in Sources */,
				9AABC52E266F9773004083E9 /* FinishExerciseViewController.swift in Sources */,
				9AABC528266F5EF1004083E9 /* ModuleModel.swift in Sources */,
				184090E72670EF6E0022AAEA /* ModuleCardCell.swift in Sources */,
				184090F82673673A0022AAEA /* ExerciseTableViewCell.swift in Sources */,
				61725F63266E35120085C241 /* ModuleExerciseViewController.swift in Sources */,
				614ACB3A2670C01500A91190 /* DetailExerciseViewController.swift in Sources */,
				614ACB3B2670C01500A91190 /* HowToTableViewCell.swift in Sources */,
			);
			runOnlyForDeploymentPostprocessing = 0;
		};
/* End PBXSourcesBuildPhase section */

/* Begin PBXVariantGroup section */
		1883325F2669D3CD0092A504 /* LaunchScreen.storyboard */ = {
			isa = PBXVariantGroup;
			children = (
				188332602669D3CD0092A504 /* Base */,
			);
			name = LaunchScreen.storyboard;
			sourceTree = "<group>";
		};
/* End PBXVariantGroup section */

/* Begin XCBuildConfiguration section */
		188332632669D3CD0092A504 /* Debug */ = {
			isa = XCBuildConfiguration;
			buildSettings = {
				ALWAYS_SEARCH_USER_PATHS = NO;
				CLANG_ANALYZER_NONNULL = YES;
				CLANG_ANALYZER_NUMBER_OBJECT_CONVERSION = YES_AGGRESSIVE;
				CLANG_CXX_LANGUAGE_STANDARD = "gnu++14";
				CLANG_CXX_LIBRARY = "libc++";
				CLANG_ENABLE_MODULES = YES;
				CLANG_ENABLE_OBJC_ARC = YES;
				CLANG_ENABLE_OBJC_WEAK = YES;
				CLANG_WARN_BLOCK_CAPTURE_AUTORELEASING = YES;
				CLANG_WARN_BOOL_CONVERSION = YES;
				CLANG_WARN_COMMA = YES;
				CLANG_WARN_CONSTANT_CONVERSION = YES;
				CLANG_WARN_DEPRECATED_OBJC_IMPLEMENTATIONS = YES;
				CLANG_WARN_DIRECT_OBJC_ISA_USAGE = YES_ERROR;
				CLANG_WARN_DOCUMENTATION_COMMENTS = YES;
				CLANG_WARN_EMPTY_BODY = YES;
				CLANG_WARN_ENUM_CONVERSION = YES;
				CLANG_WARN_INFINITE_RECURSION = YES;
				CLANG_WARN_INT_CONVERSION = YES;
				CLANG_WARN_NON_LITERAL_NULL_CONVERSION = YES;
				CLANG_WARN_OBJC_IMPLICIT_RETAIN_SELF = YES;
				CLANG_WARN_OBJC_LITERAL_CONVERSION = YES;
				CLANG_WARN_OBJC_ROOT_CLASS = YES_ERROR;
				CLANG_WARN_QUOTED_INCLUDE_IN_FRAMEWORK_HEADER = YES;
				CLANG_WARN_RANGE_LOOP_ANALYSIS = YES;
				CLANG_WARN_STRICT_PROTOTYPES = YES;
				CLANG_WARN_SUSPICIOUS_MOVE = YES;
				CLANG_WARN_UNGUARDED_AVAILABILITY = YES_AGGRESSIVE;
				CLANG_WARN_UNREACHABLE_CODE = YES;
				CLANG_WARN__DUPLICATE_METHOD_MATCH = YES;
				COPY_PHASE_STRIP = NO;
				DEBUG_INFORMATION_FORMAT = dwarf;
				ENABLE_STRICT_OBJC_MSGSEND = YES;
				ENABLE_TESTABILITY = YES;
				GCC_C_LANGUAGE_STANDARD = gnu11;
				GCC_DYNAMIC_NO_PIC = NO;
				GCC_NO_COMMON_BLOCKS = YES;
				GCC_OPTIMIZATION_LEVEL = 0;
				GCC_PREPROCESSOR_DEFINITIONS = (
					"DEBUG=1",
					"$(inherited)",
				);
				GCC_WARN_64_TO_32_BIT_CONVERSION = YES;
				GCC_WARN_ABOUT_RETURN_TYPE = YES_ERROR;
				GCC_WARN_UNDECLARED_SELECTOR = YES;
				GCC_WARN_UNINITIALIZED_AUTOS = YES_AGGRESSIVE;
				GCC_WARN_UNUSED_FUNCTION = YES;
				GCC_WARN_UNUSED_VARIABLE = YES;
				IPHONEOS_DEPLOYMENT_TARGET = 14.5;
				MTL_ENABLE_DEBUG_INFO = INCLUDE_SOURCE;
				MTL_FAST_MATH = YES;
				ONLY_ACTIVE_ARCH = YES;
				SDKROOT = iphoneos;
				SWIFT_ACTIVE_COMPILATION_CONDITIONS = DEBUG;
				SWIFT_OPTIMIZATION_LEVEL = "-Onone";
			};
			name = Debug;
		};
		188332642669D3CD0092A504 /* Release */ = {
			isa = XCBuildConfiguration;
			buildSettings = {
				ALWAYS_SEARCH_USER_PATHS = NO;
				CLANG_ANALYZER_NONNULL = YES;
				CLANG_ANALYZER_NUMBER_OBJECT_CONVERSION = YES_AGGRESSIVE;
				CLANG_CXX_LANGUAGE_STANDARD = "gnu++14";
				CLANG_CXX_LIBRARY = "libc++";
				CLANG_ENABLE_MODULES = YES;
				CLANG_ENABLE_OBJC_ARC = YES;
				CLANG_ENABLE_OBJC_WEAK = YES;
				CLANG_WARN_BLOCK_CAPTURE_AUTORELEASING = YES;
				CLANG_WARN_BOOL_CONVERSION = YES;
				CLANG_WARN_COMMA = YES;
				CLANG_WARN_CONSTANT_CONVERSION = YES;
				CLANG_WARN_DEPRECATED_OBJC_IMPLEMENTATIONS = YES;
				CLANG_WARN_DIRECT_OBJC_ISA_USAGE = YES_ERROR;
				CLANG_WARN_DOCUMENTATION_COMMENTS = YES;
				CLANG_WARN_EMPTY_BODY = YES;
				CLANG_WARN_ENUM_CONVERSION = YES;
				CLANG_WARN_INFINITE_RECURSION = YES;
				CLANG_WARN_INT_CONVERSION = YES;
				CLANG_WARN_NON_LITERAL_NULL_CONVERSION = YES;
				CLANG_WARN_OBJC_IMPLICIT_RETAIN_SELF = YES;
				CLANG_WARN_OBJC_LITERAL_CONVERSION = YES;
				CLANG_WARN_OBJC_ROOT_CLASS = YES_ERROR;
				CLANG_WARN_QUOTED_INCLUDE_IN_FRAMEWORK_HEADER = YES;
				CLANG_WARN_RANGE_LOOP_ANALYSIS = YES;
				CLANG_WARN_STRICT_PROTOTYPES = YES;
				CLANG_WARN_SUSPICIOUS_MOVE = YES;
				CLANG_WARN_UNGUARDED_AVAILABILITY = YES_AGGRESSIVE;
				CLANG_WARN_UNREACHABLE_CODE = YES;
				CLANG_WARN__DUPLICATE_METHOD_MATCH = YES;
				COPY_PHASE_STRIP = NO;
				DEBUG_INFORMATION_FORMAT = "dwarf-with-dsym";
				ENABLE_NS_ASSERTIONS = NO;
				ENABLE_STRICT_OBJC_MSGSEND = YES;
				GCC_C_LANGUAGE_STANDARD = gnu11;
				GCC_NO_COMMON_BLOCKS = YES;
				GCC_WARN_64_TO_32_BIT_CONVERSION = YES;
				GCC_WARN_ABOUT_RETURN_TYPE = YES_ERROR;
				GCC_WARN_UNDECLARED_SELECTOR = YES;
				GCC_WARN_UNINITIALIZED_AUTOS = YES_AGGRESSIVE;
				GCC_WARN_UNUSED_FUNCTION = YES;
				GCC_WARN_UNUSED_VARIABLE = YES;
				IPHONEOS_DEPLOYMENT_TARGET = 14.5;
				MTL_ENABLE_DEBUG_INFO = NO;
				MTL_FAST_MATH = YES;
				SDKROOT = iphoneos;
				SWIFT_COMPILATION_MODE = wholemodule;
				SWIFT_OPTIMIZATION_LEVEL = "-O";
				VALIDATE_PRODUCT = YES;
			};
			name = Release;
		};
		188332662669D3CD0092A504 /* Debug */ = {
			isa = XCBuildConfiguration;
			buildSettings = {
				ASSETCATALOG_COMPILER_APPICON_NAME = AppIcon;
				ASSETCATALOG_COMPILER_GLOBAL_ACCENT_COLOR_NAME = AccentColor;
				CODE_SIGN_IDENTITY = "Apple Development";
				CODE_SIGN_STYLE = Automatic;
				DEVELOPMENT_TEAM = 33Z87RYAC2;
				INFOPLIST_FILE = MoEx/Info.plist;
				LD_RUNPATH_SEARCH_PATHS = (
					"$(inherited)",
					"@executable_path/Frameworks",
				);
				PRODUCT_BUNDLE_IDENTIFIER = com.randy.mc2;
				PRODUCT_NAME = "$(TARGET_NAME)";
				PROVISIONING_PROFILE_SPECIFIER = "";
				SWIFT_VERSION = 5.0;
				TARGETED_DEVICE_FAMILY = "1,2";
			};
			name = Debug;
		};
		188332672669D3CD0092A504 /* Release */ = {
			isa = XCBuildConfiguration;
			buildSettings = {
				ASSETCATALOG_COMPILER_APPICON_NAME = AppIcon;
				ASSETCATALOG_COMPILER_GLOBAL_ACCENT_COLOR_NAME = AccentColor;
				CODE_SIGN_IDENTITY = "Apple Development";
				CODE_SIGN_STYLE = Automatic;
				DEVELOPMENT_TEAM = H443SZWX2N;
				INFOPLIST_FILE = MoEx/Info.plist;
				LD_RUNPATH_SEARCH_PATHS = (
					"$(inherited)",
					"@executable_path/Frameworks",
				);
				PRODUCT_BUNDLE_IDENTIFIER = "com.kevintanuhardi.Project-mc2-group-14";
				PRODUCT_NAME = "$(TARGET_NAME)";
				PROVISIONING_PROFILE_SPECIFIER = "";
				SWIFT_VERSION = 5.0;
				TARGETED_DEVICE_FAMILY = "1,2";
			};
			name = Release;
		};
/* End XCBuildConfiguration section */

/* Begin XCConfigurationList section */
		1883324C2669D3CC0092A504 /* Build configuration list for PBXProject "MoEx" */ = {
			isa = XCConfigurationList;
			buildConfigurations = (
				188332632669D3CD0092A504 /* Debug */,
				188332642669D3CD0092A504 /* Release */,
			);
			defaultConfigurationIsVisible = 0;
			defaultConfigurationName = Release;
		};
		188332652669D3CD0092A504 /* Build configuration list for PBXNativeTarget "MoEx" */ = {
			isa = XCConfigurationList;
			buildConfigurations = (
				188332662669D3CD0092A504 /* Debug */,
				188332672669D3CD0092A504 /* Release */,
			);
			defaultConfigurationIsVisible = 0;
			defaultConfigurationName = Release;
		};
/* End XCConfigurationList section */
	};
	rootObject = 188332492669D3CC0092A504 /* Project object */;
}
